
Microsoft Visual Studio Solution File, Format Version 12.00
# Visual Studio Version 17
VisualStudioVersion = 17.0.31912.275
MinimumVisualStudioVersion = 10.0.40219.1
Project("{FAE04EC0-301F-11D3-BF4B-00C04F79EFBC}") = "MathTaskClassLibrary2", "ClassLibrary1\MathTaskClassLibrary2.csproj", "{67521FB9-E1DF-4EC0-9162-5818B4044817}"
EndProject
Project("{FAE04EC0-301F-11D3-BF4B-00C04F79EFBC}") = "MathTaskClassLibraryTests", "MathTaskClassLibraryTests\MathTaskClassLibraryTests.csproj", "{7EA26A89-7856-485D-87BD-380C27F8566E}"
EndProject
Global
	GlobalSection(SolutionConfigurationPlatforms) = preSolution
		Debug|Any CPU = Debug|Any CPU
		Release|Any CPU = Release|Any CPU
	EndGlobalSection
	GlobalSection(ProjectConfigurationPlatforms) = postSolution
		{67521FB9-E1DF-4EC0-9162-5818B4044817}.Debug|Any CPU.ActiveCfg = Debug|Any CPU
		{67521FB9-E1DF-4EC0-9162-5818B4044817}.Debug|Any CPU.Build.0 = Debug|Any CPU
		{67521FB9-E1DF-4EC0-9162-5818B4044817}.Release|Any CPU.ActiveCfg = Release|Any CPU
		{67521FB9-E1DF-4EC0-9162-5818B4044817}.Release|Any CPU.Build.0 = Release|Any CPU
		{7EA26A89-7856-485D-87BD-380C27F8566E}.Debug|Any CPU.ActiveCfg = Debug|Any CPU
		{7EA26A89-7856-485D-87BD-380C27F8566E}.Debug|Any CPU.Build.0 = Debug|Any CPU
		{7EA26A89-7856-485D-87BD-380C27F8566E}.Release|Any CPU.ActiveCfg = Release|Any CPU
		{7EA26A89-7856-485D-87BD-380C27F8566E}.Release|Any CPU.Build.0 = Release|Any CPU
	EndGlobalSection
	GlobalSection(SolutionProperties) = preSolution
		HideSolutionNode = FALSE
	EndGlobalSection
	GlobalSection(ExtensibilityGlobals) = postSolution
		SolutionGuid = {C5C01BB9-38B5-4D9E-895C-AF9B90C87505}
	EndGlobalSection
EndGlobal
